
Microsoft Visual Studio Solution File, Format Version 12.00
# Visual Studio Version 17
VisualStudioVersion = 17.0.31903.59
MinimumVisualStudioVersion = 10.0.40219.1
Project("{2150E333-8FDC-42A3-9474-1A3956D46DE8}") = "src", "src", "{AC637940-39EF-45FD-8FC4-AD873F06FCD0}"
EndProject
Project("{FAE04EC0-301F-11D3-BF4B-00C04F79EFBC}") = "BaseballManager.Core", "src\BaseballManager.Core\BaseballManager.Core.csproj", "{B655FDAE-C716-47B4-98F8-1134E5AB9311}"
EndProject
Project("{FAE04EC0-301F-11D3-BF4B-00C04F79EFBC}") = "BaseballManager.Sim", "src\BaseballManager.Sim\BaseballManager.Sim.csproj", "{661EFE6D-BD41-4275-A77C-B6BD856881AC}"
EndProject
Project("{FAE04EC0-301F-11D3-BF4B-00C04F79EFBC}") = "BaseballManager.Application", "src\BaseballManager.Application\BaseballManager.Application.csproj", "{574EC796-5161-4347-BDE0-8CBFEB969248}"
EndProject
Project("{FAE04EC0-301F-11D3-BF4B-00C04F79EFBC}") = "BaseballManager.Infrastructure", "src\BaseballManager.Infrastructure\BaseballManager.Infrastructure.csproj", "{7BA58D62-048D-4012-9C43-7648B16A7C31}"
EndProject
Project("{FAE04EC0-301F-11D3-BF4B-00C04F79EFBC}") = "BaseballManager.Contracts", "src\BaseballManager.Contracts\BaseballManager.Contracts.csproj", "{8338FCB2-B042-485A-A582-38B56C8DA4D9}"
EndProject
Project("{FAE04EC0-301F-11D3-BF4B-00C04F79EFBC}") = "BaseballManager.Game", "src\BaseballManager.Game\BaseballManager.Game.csproj", "{D68F8A31-2B1A-4641-9CB8-117DCF3CF4D4}"
EndProject
Project("{2150E333-8FDC-42A3-9474-1A3956D46DE8}") = "tests", "tests", "{0AB3BF05-4346-4AA6-1389-037BE0695223}"
EndProject
Project("{FAE04EC0-301F-11D3-BF4B-00C04F79EFBC}") = "BaseballManager.Core.Tests", "tests\BaseballManager.Core.Tests\BaseballManager.Core.Tests.csproj", "{8BFC1419-3FCD-4B9E-ABFA-79BB1262F094}"
EndProject
Project("{FAE04EC0-301F-11D3-BF4B-00C04F79EFBC}") = "BaseballManager.Sim.Tests", "tests\BaseballManager.Sim.Tests\BaseballManager.Sim.Tests.csproj", "{D9442519-EC37-478C-93A1-AC08949AEB29}"
EndProject
Global
	GlobalSection(SolutionConfigurationPlatforms) = preSolution
		Debug|Any CPU = Debug|Any CPU
		Debug|x64 = Debug|x64
		Debug|x86 = Debug|x86
		Release|Any CPU = Release|Any CPU
		Release|x64 = Release|x64
		Release|x86 = Release|x86
	EndGlobalSection
	GlobalSection(ProjectConfigurationPlatforms) = postSolution
		{B655FDAE-C716-47B4-98F8-1134E5AB9311}.Debug|Any CPU.ActiveCfg = Debug|Any CPU
		{B655FDAE-C716-47B4-98F8-1134E5AB9311}.Debug|Any CPU.Build.0 = Debug|Any CPU
		{B655FDAE-C716-47B4-98F8-1134E5AB9311}.Debug|x64.ActiveCfg = Debug|Any CPU
		{B655FDAE-C716-47B4-98F8-1134E5AB9311}.Debug|x64.Build.0 = Debug|Any CPU
		{B655FDAE-C716-47B4-98F8-1134E5AB9311}.Debug|x86.ActiveCfg = Debug|Any CPU
		{B655FDAE-C716-47B4-98F8-1134E5AB9311}.Debug|x86.Build.0 = Debug|Any CPU
		{B655FDAE-C716-47B4-98F8-1134E5AB9311}.Release|Any CPU.ActiveCfg = Release|Any CPU
		{B655FDAE-C716-47B4-98F8-1134E5AB9311}.Release|Any CPU.Build.0 = Release|Any CPU
		{B655FDAE-C716-47B4-98F8-1134E5AB9311}.Release|x64.ActiveCfg = Release|Any CPU
		{B655FDAE-C716-47B4-98F8-1134E5AB9311}.Release|x64.Build.0 = Release|Any CPU
		{B655FDAE-C716-47B4-98F8-1134E5AB9311}.Release|x86.ActiveCfg = Release|Any CPU
		{B655FDAE-C716-47B4-98F8-1134E5AB9311}.Release|x86.Build.0 = Release|Any CPU
		{661EFE6D-BD41-4275-A77C-B6BD856881AC}.Debug|Any CPU.ActiveCfg = Debug|Any CPU
		{661EFE6D-BD41-4275-A77C-B6BD856881AC}.Debug|Any CPU.Build.0 = Debug|Any CPU
		{661EFE6D-BD41-4275-A77C-B6BD856881AC}.Debug|x64.ActiveCfg = Debug|Any CPU
		{661EFE6D-BD41-4275-A77C-B6BD856881AC}.Debug|x64.Build.0 = Debug|Any CPU
		{661EFE6D-BD41-4275-A77C-B6BD856881AC}.Debug|x86.ActiveCfg = Debug|Any CPU
		{661EFE6D-BD41-4275-A77C-B6BD856881AC}.Debug|x86.Build.0 = Debug|Any CPU
		{661EFE6D-BD41-4275-A77C-B6BD856881AC}.Release|Any CPU.ActiveCfg = Release|Any CPU
		{661EFE6D-BD41-4275-A77C-B6BD856881AC}.Release|Any CPU.Build.0 = Release|Any CPU
		{661EFE6D-BD41-4275-A77C-B6BD856881AC}.Release|x64.ActiveCfg = Release|Any CPU
		{661EFE6D-BD41-4275-A77C-B6BD856881AC}.Release|x64.Build.0 = Release|Any CPU
		{661EFE6D-BD41-4275-A77C-B6BD856881AC}.Release|x86.ActiveCfg = Release|Any CPU
		{661EFE6D-BD41-4275-A77C-B6BD856881AC}.Release|x86.Build.0 = Release|Any CPU
		{574EC796-5161-4347-BDE0-8CBFEB969248}.Debug|Any CPU.ActiveCfg = Debug|Any CPU
		{574EC796-5161-4347-BDE0-8CBFEB969248}.Debug|Any CPU.Build.0 = Debug|Any CPU
		{574EC796-5161-4347-BDE0-8CBFEB969248}.Debug|x64.ActiveCfg = Debug|Any CPU
		{574EC796-5161-4347-BDE0-8CBFEB969248}.Debug|x64.Build.0 = Debug|Any CPU
		{574EC796-5161-4347-BDE0-8CBFEB969248}.Debug|x86.ActiveCfg = Debug|Any CPU
		{574EC796-5161-4347-BDE0-8CBFEB969248}.Debug|x86.Build.0 = Debug|Any CPU
		{574EC796-5161-4347-BDE0-8CBFEB969248}.Release|Any CPU.ActiveCfg = Release|Any CPU
		{574EC796-5161-4347-BDE0-8CBFEB969248}.Release|Any CPU.Build.0 = Release|Any CPU
		{574EC796-5161-4347-BDE0-8CBFEB969248}.Release|x64.ActiveCfg = Release|Any CPU
		{574EC796-5161-4347-BDE0-8CBFEB969248}.Release|x64.Build.0 = Release|Any CPU
		{574EC796-5161-4347-BDE0-8CBFEB969248}.Release|x86.ActiveCfg = Release|Any CPU
		{574EC796-5161-4347-BDE0-8CBFEB969248}.Release|x86.Build.0 = Release|Any CPU
		{7BA58D62-048D-4012-9C43-7648B16A7C31}.Debug|Any CPU.ActiveCfg = Debug|Any CPU
		{7BA58D62-048D-4012-9C43-7648B16A7C31}.Debug|Any CPU.Build.0 = Debug|Any CPU
		{7BA58D62-048D-4012-9C43-7648B16A7C31}.Debug|x64.ActiveCfg = Debug|Any CPU
		{7BA58D62-048D-4012-9C43-7648B16A7C31}.Debug|x64.Build.0 = Debug|Any CPU
		{7BA58D62-048D-4012-9C43-7648B16A7C31}.Debug|x86.ActiveCfg = Debug|Any CPU
		{7BA58D62-048D-4012-9C43-7648B16A7C31}.Debug|x86.Build.0 = Debug|Any CPU
		{7BA58D62-048D-4012-9C43-7648B16A7C31}.Release|Any CPU.ActiveCfg = Release|Any CPU
		{7BA58D62-048D-4012-9C43-7648B16A7C31}.Release|Any CPU.Build.0 = Release|Any CPU
		{7BA58D62-048D-4012-9C43-7648B16A7C31}.Release|x64.ActiveCfg = Release|Any CPU
		{7BA58D62-048D-4012-9C43-7648B16A7C31}.Release|x64.Build.0 = Release|Any CPU
		{7BA58D62-048D-4012-9C43-7648B16A7C31}.Release|x86.ActiveCfg = Release|Any CPU
		{7BA58D62-048D-4012-9C43-7648B16A7C31}.Release|x86.Build.0 = Release|Any CPU
		{8338FCB2-B042-485A-A582-38B56C8DA4D9}.Debug|Any CPU.ActiveCfg = Debug|Any CPU
		{8338FCB2-B042-485A-A582-38B56C8DA4D9}.Debug|Any CPU.Build.0 = Debug|Any CPU
		{8338FCB2-B042-485A-A582-38B56C8DA4D9}.Debug|x64.ActiveCfg = Debug|Any CPU
		{8338FCB2-B042-485A-A582-38B56C8DA4D9}.Debug|x64.Build.0 = Debug|Any CPU
		{8338FCB2-B042-485A-A582-38B56C8DA4D9}.Debug|x86.ActiveCfg = Debug|Any CPU
		{8338FCB2-B042-485A-A582-38B56C8DA4D9}.Debug|x86.Build.0 = Debug|Any CPU
		{8338FCB2-B042-485A-A582-38B56C8DA4D9}.Release|Any CPU.ActiveCfg = Release|Any CPU
		{8338FCB2-B042-485A-A582-38B56C8DA4D9}.Release|Any CPU.Build.0 = Release|Any CPU
		{8338FCB2-B042-485A-A582-38B56C8DA4D9}.Release|x64.ActiveCfg = Release|Any CPU
		{8338FCB2-B042-485A-A582-38B56C8DA4D9}.Release|x64.Build.0 = Release|Any CPU
		{8338FCB2-B042-485A-A582-38B56C8DA4D9}.Release|x86.ActiveCfg = Release|Any CPU
		{8338FCB2-B042-485A-A582-38B56C8DA4D9}.Release|x86.Build.0 = Release|Any CPU
		{D68F8A31-2B1A-4641-9CB8-117DCF3CF4D4}.Debug|Any CPU.ActiveCfg = Debug|Any CPU
		{D68F8A31-2B1A-4641-9CB8-117DCF3CF4D4}.Debug|Any CPU.Build.0 = Debug|Any CPU
		{D68F8A31-2B1A-4641-9CB8-117DCF3CF4D4}.Debug|x64.ActiveCfg = Debug|Any CPU
		{D68F8A31-2B1A-4641-9CB8-117DCF3CF4D4}.Debug|x64.Build.0 = Debug|Any CPU
		{D68F8A31-2B1A-4641-9CB8-117DCF3CF4D4}.Debug|x86.ActiveCfg = Debug|Any CPU
		{D68F8A31-2B1A-4641-9CB8-117DCF3CF4D4}.Debug|x86.Build.0 = Debug|Any CPU
		{D68F8A31-2B1A-4641-9CB8-117DCF3CF4D4}.Release|Any CPU.ActiveCfg = Release|Any CPU
		{D68F8A31-2B1A-4641-9CB8-117DCF3CF4D4}.Release|Any CPU.Build.0 = Release|Any CPU
		{D68F8A31-2B1A-4641-9CB8-117DCF3CF4D4}.Release|x64.ActiveCfg = Release|Any CPU
		{D68F8A31-2B1A-4641-9CB8-117DCF3CF4D4}.Release|x64.Build.0 = Release|Any CPU
		{D68F8A31-2B1A-4641-9CB8-117DCF3CF4D4}.Release|x86.ActiveCfg = Release|Any CPU
		{D68F8A31-2B1A-4641-9CB8-117DCF3CF4D4}.Release|x86.Build.0 = Release|Any CPU
		{8BFC1419-3FCD-4B9E-ABFA-79BB1262F094}.Debug|Any CPU.ActiveCfg = Debug|Any CPU
		{8BFC1419-3FCD-4B9E-ABFA-79BB1262F094}.Debug|Any CPU.Build.0 = Debug|Any CPU
		{8BFC1419-3FCD-4B9E-ABFA-79BB1262F094}.Debug|x64.ActiveCfg = Debug|Any CPU
		{8BFC1419-3FCD-4B9E-ABFA-79BB1262F094}.Debug|x64.Build.0 = Debug|Any CPU
		{8BFC1419-3FCD-4B9E-ABFA-79BB1262F094}.Debug|x86.ActiveCfg = Debug|Any CPU
		{8BFC1419-3FCD-4B9E-ABFA-79BB1262F094}.Debug|x86.Build.0 = Debug|Any CPU
		{8BFC1419-3FCD-4B9E-ABFA-79BB1262F094}.Release|Any CPU.ActiveCfg = Release|Any CPU
		{8BFC1419-3FCD-4B9E-ABFA-79BB1262F094}.Release|Any CPU.Build.0 = Release|Any CPU
		{8BFC1419-3FCD-4B9E-ABFA-79BB1262F094}.Release|x64.ActiveCfg = Release|Any CPU
		{8BFC1419-3FCD-4B9E-ABFA-79BB1262F094}.Release|x64.Build.0 = Release|Any CPU
		{8BFC1419-3FCD-4B9E-ABFA-79BB1262F094}.Release|x86.ActiveCfg = Release|Any CPU
		{8BFC1419-3FCD-4B9E-ABFA-79BB1262F094}.Release|x86.Build.0 = Release|Any CPU
		{D9442519-EC37-478C-93A1-AC08949AEB29}.Debug|Any CPU.ActiveCfg = Debug|Any CPU
		{D9442519-EC37-478C-93A1-AC08949AEB29}.Debug|Any CPU.Build.0 = Debug|Any CPU
		{D9442519-EC37-478C-93A1-AC08949AEB29}.Debug|x64.ActiveCfg = Debug|Any CPU
		{D9442519-EC37-478C-93A1-AC08949AEB29}.Debug|x64.Build.0 = Debug|Any CPU
		{D9442519-EC37-478C-93A1-AC08949AEB29}.Debug|x86.ActiveCfg = Debug|Any CPU
		{D9442519-EC37-478C-93A1-AC08949AEB29}.Debug|x86.Build.0 = Debug|Any CPU
		{D9442519-EC37-478C-93A1-AC08949AEB29}.Release|Any CPU.ActiveCfg = Release|Any CPU
		{D9442519-EC37-478C-93A1-AC08949AEB29}.Release|Any CPU.Build.0 = Release|Any CPU
		{D9442519-EC37-478C-93A1-AC08949AEB29}.Release|x64.ActiveCfg = Release|Any CPU
		{D9442519-EC37-478C-93A1-AC08949AEB29}.Release|x64.Build.0 = Release|Any CPU
		{D9442519-EC37-478C-93A1-AC08949AEB29}.Release|x86.ActiveCfg = Release|Any CPU
		{D9442519-EC37-478C-93A1-AC08949AEB29}.Release|x86.Build.0 = Release|Any CPU
	EndGlobalSection
	GlobalSection(SolutionProperties) = preSolution
		HideSolutionNode = FALSE
	EndGlobalSection
	GlobalSection(NestedProjects) = preSolution
		{B655FDAE-C716-47B4-98F8-1134E5AB9311} = {AC637940-39EF-45FD-8FC4-AD873F06FCD0}
		{661EFE6D-BD41-4275-A77C-B6BD856881AC} = {AC637940-39EF-45FD-8FC4-AD873F06FCD0}
		{574EC796-5161-4347-BDE0-8CBFEB969248} = {AC637940-39EF-45FD-8FC4-AD873F06FCD0}
		{7BA58D62-048D-4012-9C43-7648B16A7C31} = {AC637940-39EF-45FD-8FC4-AD873F06FCD0}
		{8338FCB2-B042-485A-A582-38B56C8DA4D9} = {AC637940-39EF-45FD-8FC4-AD873F06FCD0}
		{D68F8A31-2B1A-4641-9CB8-117DCF3CF4D4} = {AC637940-39EF-45FD-8FC4-AD873F06FCD0}
		{8BFC1419-3FCD-4B9E-ABFA-79BB1262F094} = {0AB3BF05-4346-4AA6-1389-037BE0695223}
		{D9442519-EC37-478C-93A1-AC08949AEB29} = {0AB3BF05-4346-4AA6-1389-037BE0695223}
	EndGlobalSection
EndGlobal
